
Microsoft Visual Studio Solution File, Format Version 12.00
# Visual Studio Version 16
VisualStudioVersion = 16.0.31205.134
MinimumVisualStudioVersion = 10.0.40219.1
Project("{FAE04EC0-301F-11D3-BF4B-00C04F79EFBC}") = "WebApplication1", "WebApplication1.csproj", "{AE3B62B0-F065-4D9B-83B1-03CD0EA4A932}"
EndProject
Global
	GlobalSection(SolutionConfigurationPlatforms) = preSolution
		Debug|Any CPU = Debug|Any CPU
		Release|Any CPU = Release|Any CPU
	EndGlobalSection
	GlobalSection(ProjectConfigurationPlatforms) = postSolution
		{AE3B62B0-F065-4D9B-83B1-03CD0EA4A932}.Debug|Any CPU.ActiveCfg = Debug|Any CPU
		{AE3B62B0-F065-4D9B-83B1-03CD0EA4A932}.Debug|Any CPU.Build.0 = Debug|Any CPU
		{AE3B62B0-F065-4D9B-83B1-03CD0EA4A932}.Release|Any CPU.ActiveCfg = Release|Any CPU
		{AE3B62B0-F065-4D9B-83B1-03CD0EA4A932}.Release|Any CPU.Build.0 = Release|Any CPU
	EndGlobalSection
	GlobalSection(SolutionProperties) = preSolution
		HideSolutionNode = FALSE
	EndGlobalSection
	GlobalSection(ExtensibilityGlobals) = postSolution
		SolutionGuid = {178D7C46-2013-44E8-BD7A-D903818465FE}
	EndGlobalSection
EndGlobal
